// !$*UTF8*$!
{
	archiveVersion = 1;
	classes = {
	};
	objectVersion = 50;
	objects = {

/* Begin PBXBuildFile section */
		356831E123E22A0C00DE2CF0 /* icons8-money-50.png in Resources */ = {isa = PBXBuildFile; fileRef = 356831E023E22A0C00DE2CF0 /* icons8-money-50.png */; };
		359CAD2123DFB0BA00A98DF5 /* AppDelegate.swift in Sources */ = {isa = PBXBuildFile; fileRef = 359CAD2023DFB0BA00A98DF5 /* AppDelegate.swift */; };
		359CAD2323DFB0BA00A98DF5 /* ViewController.swift in Sources */ = {isa = PBXBuildFile; fileRef = 359CAD2223DFB0BA00A98DF5 /* ViewController.swift */; };
		359CAD2623DFB0BA00A98DF5 /* Main.storyboard in Resources */ = {isa = PBXBuildFile; fileRef = 359CAD2423DFB0BA00A98DF5 /* Main.storyboard */; };
		359CAD2823DFB0BC00A98DF5 /* Assets.xcassets in Resources */ = {isa = PBXBuildFile; fileRef = 359CAD2723DFB0BC00A98DF5 /* Assets.xcassets */; };
		359CAD2B23DFB0BC00A98DF5 /* LaunchScreen.storyboard in Resources */ = {isa = PBXBuildFile; fileRef = 359CAD2923DFB0BC00A98DF5 /* LaunchScreen.storyboard */; };
		359CAD3623DFB0BC00A98DF5 /* Tip_CalculatorTests.swift in Sources */ = {isa = PBXBuildFile; fileRef = 359CAD3523DFB0BC00A98DF5 /* Tip_CalculatorTests.swift */; };
		359CAD4123DFB0BC00A98DF5 /* Tip_CalculatorUITests.swift in Sources */ = {isa = PBXBuildFile; fileRef = 359CAD4023DFB0BC00A98DF5 /* Tip_CalculatorUITests.swift */; };
/* End PBXBuildFile section */

/* Begin PBXContainerItemProxy section */
		359CAD3223DFB0BC00A98DF5 /* PBXContainerItemProxy */ = {
			isa = PBXContainerItemProxy;
			containerPortal = 359CAD1523DFB0BA00A98DF5 /* Project object */;
			proxyType = 1;
			remoteGlobalIDString = 359CAD1C23DFB0BA00A98DF5;
			remoteInfo = "Tip Calculator";
		};
		359CAD3D23DFB0BC00A98DF5 /* PBXContainerItemProxy */ = {
			isa = PBXContainerItemProxy;
			containerPortal = 359CAD1523DFB0BA00A98DF5 /* Project object */;
			proxyType = 1;
			remoteGlobalIDString = 359CAD1C23DFB0BA00A98DF5;
			remoteInfo = "Tip Calculator";
		};
/* End PBXContainerItemProxy section */

/* Begin PBXFileReference section */
		356831E023E22A0C00DE2CF0 /* icons8-money-50.png */ = {isa = PBXFileReference; lastKnownFileType = image.png; path = "icons8-money-50.png"; sourceTree = SOURCE_ROOT; };
		359CAD1D23DFB0BA00A98DF5 /* Tip Calculator.app */ = {isa = PBXFileReference; explicitFileType = wrapper.application; includeInIndex = 0; path = "Tip Calculator.app"; sourceTree = BUILT_PRODUCTS_DIR; };
		359CAD2023DFB0BA00A98DF5 /* AppDelegate.swift */ = {isa = PBXFileReference; lastKnownFileType = sourcecode.swift; path = AppDelegate.swift; sourceTree = "<group>"; };
		359CAD2223DFB0BA00A98DF5 /* ViewController.swift */ = {isa = PBXFileReference; lastKnownFileType = sourcecode.swift; path = ViewController.swift; sourceTree = "<group>"; };
		359CAD2523DFB0BA00A98DF5 /* Base */ = {isa = PBXFileReference; lastKnownFileType = file.storyboard; name = Base; path = Base.lproj/Main.storyboard; sourceTree = "<group>"; };
		359CAD2723DFB0BC00A98DF5 /* Assets.xcassets */ = {isa = PBXFileReference; lastKnownFileType = folder.assetcatalog; path = Assets.xcassets; sourceTree = "<group>"; };
		359CAD2A23DFB0BC00A98DF5 /* Base */ = {isa = PBXFileReference; lastKnownFileType = file.storyboard; name = Base; path = Base.lproj/LaunchScreen.storyboard; sourceTree = "<group>"; };
		359CAD2C23DFB0BC00A98DF5 /* Info.plist */ = {isa = PBXFileReference; lastKnownFileType = text.plist.xml; path = Info.plist; sourceTree = "<group>"; };
		359CAD3123DFB0BC00A98DF5 /* Tip CalculatorTests.xctest */ = {isa = PBXFileReference; explicitFileType = wrapper.cfbundle; includeInIndex = 0; path = "Tip CalculatorTests.xctest"; sourceTree = BUILT_PRODUCTS_DIR; };
		359CAD3523DFB0BC00A98DF5 /* Tip_CalculatorTests.swift */ = {isa = PBXFileReference; lastKnownFileType = sourcecode.swift; path = Tip_CalculatorTests.swift; sourceTree = "<group>"; };
		359CAD3723DFB0BC00A98DF5 /* Info.plist */ = {isa = PBXFileReference; lastKnownFileType = text.plist.xml; path = Info.plist; sourceTree = "<group>"; };
		359CAD3C23DFB0BC00A98DF5 /* Tip CalculatorUITests.xctest */ = {isa = PBXFileReference; explicitFileType = wrapper.cfbundle; includeInIndex = 0; path = "Tip CalculatorUITests.xctest"; sourceTree = BUILT_PRODUCTS_DIR; };
		359CAD4023DFB0BC00A98DF5 /* Tip_CalculatorUITests.swift */ = {isa = PBXFileReference; lastKnownFileType = sourcecode.swift; path = Tip_CalculatorUITests.swift; sourceTree = "<group>"; };
		359CAD4223DFB0BC00A98DF5 /* Info.plist */ = {isa = PBXFileReference; lastKnownFileType = text.plist.xml; path = Info.plist; sourceTree = "<group>"; };
/* End PBXFileReference section */

/* Begin PBXFrameworksBuildPhase section */
		359CAD1A23DFB0BA00A98DF5 /* Frameworks */ = {
			isa = PBXFrameworksBuildPhase;
			buildActionMask = 2147483647;
			files = (
			);
			runOnlyForDeploymentPostprocessing = 0;
		};
		359CAD2E23DFB0BC00A98DF5 /* Frameworks */ = {
			isa = PBXFrameworksBuildPhase;
			buildActionMask = 2147483647;
			files = (
			);
			runOnlyForDeploymentPostprocessing = 0;
		};
		359CAD3923DFB0BC00A98DF5 /* Frameworks */ = {
			isa = PBXFrameworksBuildPhase;
			buildActionMask = 2147483647;
			files = (
			);
			runOnlyForDeploymentPostprocessing = 0;
		};
/* End PBXFrameworksBuildPhase section */

/* Begin PBXGroup section */
		359CAD1423DFB0BA00A98DF5 = {
			isa = PBXGroup;
			children = (
				359CAD1F23DFB0BA00A98DF5 /* Tip Calculator */,
				359CAD3423DFB0BC00A98DF5 /* Tip CalculatorTests */,
				359CAD3F23DFB0BC00A98DF5 /* Tip CalculatorUITests */,
				359CAD1E23DFB0BA00A98DF5 /* Products */,
			);
			sourceTree = "<group>";
		};
		359CAD1E23DFB0BA00A98DF5 /* Products */ = {
			isa = PBXGroup;
			children = (
				359CAD1D23DFB0BA00A98DF5 /* Tip Calculator.app */,
				359CAD3123DFB0BC00A98DF5 /* Tip CalculatorTests.xctest */,
				359CAD3C23DFB0BC00A98DF5 /* Tip CalculatorUITests.xctest */,
			);
			name = Products;
			sourceTree = "<group>";
		};
		359CAD1F23DFB0BA00A98DF5 /* Tip Calculator */ = {
			isa = PBXGroup;
			children = (
				359CAD2023DFB0BA00A98DF5 /* AppDelegate.swift */,
				359CAD2223DFB0BA00A98DF5 /* ViewController.swift */,
				359CAD2423DFB0BA00A98DF5 /* Main.storyboard */,
				359CAD2723DFB0BC00A98DF5 /* Assets.xcassets */,
				359CAD2923DFB0BC00A98DF5 /* LaunchScreen.storyboard */,
				359CAD2C23DFB0BC00A98DF5 /* Info.plist */,
				356831E023E22A0C00DE2CF0 /* icons8-money-50.png */,
			);
			path = "Tip Calculator";
			sourceTree = "<group>";
		};
		359CAD3423DFB0BC00A98DF5 /* Tip CalculatorTests */ = {
			isa = PBXGroup;
			children = (
				359CAD3523DFB0BC00A98DF5 /* Tip_CalculatorTests.swift */,
				359CAD3723DFB0BC00A98DF5 /* Info.plist */,
			);
			path = "Tip CalculatorTests";
			sourceTree = "<group>";
		};
		359CAD3F23DFB0BC00A98DF5 /* Tip CalculatorUITests */ = {
			isa = PBXGroup;
			children = (
				359CAD4023DFB0BC00A98DF5 /* Tip_CalculatorUITests.swift */,
				359CAD4223DFB0BC00A98DF5 /* Info.plist */,
			);
			path = "Tip CalculatorUITests";
			sourceTree = "<group>";
		};
/* End PBXGroup section */

/* Begin PBXNativeTarget section */
		359CAD1C23DFB0BA00A98DF5 /* Tip Calculator */ = {
			isa = PBXNativeTarget;
			buildConfigurationList = 359CAD4523DFB0BC00A98DF5 /* Build configuration list for PBXNativeTarget "Tip Calculator" */;
			buildPhases = (
				359CAD1923DFB0BA00A98DF5 /* Sources */,
				359CAD1A23DFB0BA00A98DF5 /* Frameworks */,
				359CAD1B23DFB0BA00A98DF5 /* Resources */,
			);
			buildRules = (
			);
			dependencies = (
			);
			name = "Tip Calculator";
			productName = "Tip Calculator";
			productReference = 359CAD1D23DFB0BA00A98DF5 /* Tip Calculator.app */;
			productType = "com.apple.product-type.application";
		};
		359CAD3023DFB0BC00A98DF5 /* Tip CalculatorTests */ = {
			isa = PBXNativeTarget;
			buildConfigurationList = 359CAD4823DFB0BC00A98DF5 /* Build configuration list for PBXNativeTarget "Tip CalculatorTests" */;
			buildPhases = (
				359CAD2D23DFB0BC00A98DF5 /* Sources */,
				359CAD2E23DFB0BC00A98DF5 /* Frameworks */,
				359CAD2F23DFB0BC00A98DF5 /* Resources */,
			);
			buildRules = (
			);
			dependencies = (
				359CAD3323DFB0BC00A98DF5 /* PBXTargetDependency */,
			);
			name = "Tip CalculatorTests";
			productName = "Tip CalculatorTests";
			productReference = 359CAD3123DFB0BC00A98DF5 /* Tip CalculatorTests.xctest */;
			productType = "com.apple.product-type.bundle.unit-test";
		};
		359CAD3B23DFB0BC00A98DF5 /* Tip CalculatorUITests */ = {
			isa = PBXNativeTarget;
			buildConfigurationList = 359CAD4B23DFB0BC00A98DF5 /* Build configuration list for PBXNativeTarget "Tip CalculatorUITests" */;
			buildPhases = (
				359CAD3823DFB0BC00A98DF5 /* Sources */,
				359CAD3923DFB0BC00A98DF5 /* Frameworks */,
				359CAD3A23DFB0BC00A98DF5 /* Resources */,
			);
			buildRules = (
			);
			dependencies = (
				359CAD3E23DFB0BC00A98DF5 /* PBXTargetDependency */,
			);
			name = "Tip CalculatorUITests";
			productName = "Tip CalculatorUITests";
			productReference = 359CAD3C23DFB0BC00A98DF5 /* Tip CalculatorUITests.xctest */;
			productType = "com.apple.product-type.bundle.ui-testing";
		};
/* End PBXNativeTarget section */

/* Begin PBXProject section */
		359CAD1523DFB0BA00A98DF5 /* Project object */ = {
			isa = PBXProject;
			attributes = {
				LastSwiftUpdateCheck = 1010;
				LastUpgradeCheck = 1010;
				ORGANIZATIONNAME = codepath;
				TargetAttributes = {
					359CAD1C23DFB0BA00A98DF5 = {
						CreatedOnToolsVersion = 10.1;
					};
					359CAD3023DFB0BC00A98DF5 = {
						CreatedOnToolsVersion = 10.1;
						TestTargetID = 359CAD1C23DFB0BA00A98DF5;
					};
					359CAD3B23DFB0BC00A98DF5 = {
						CreatedOnToolsVersion = 10.1;
						TestTargetID = 359CAD1C23DFB0BA00A98DF5;
					};
				};
			};
			buildConfigurationList = 359CAD1823DFB0BA00A98DF5 /* Build configuration list for PBXProject "Tip Calculator" */;
			compatibilityVersion = "Xcode 9.3";
			developmentRegion = en;
			hasScannedForEncodings = 0;
			knownRegions = (
				en,
				Base,
			);
			mainGroup = 359CAD1423DFB0BA00A98DF5;
			productRefGroup = 359CAD1E23DFB0BA00A98DF5 /* Products */;
			projectDirPath = "";
			projectRoot = "";
			targets = (
				359CAD1C23DFB0BA00A98DF5 /* Tip Calculator */,
				359CAD3023DFB0BC00A98DF5 /* Tip CalculatorTests */,
				359CAD3B23DFB0BC00A98DF5 /* Tip CalculatorUITests */,
			);
		};
/* End PBXProject section */

/* Begin PBXResourcesBuildPhase section */
		359CAD1B23DFB0BA00A98DF5 /* Resources */ = {
			isa = PBXResourcesBuildPhase;
			buildActionMask = 2147483647;
			files = (
				359CAD2B23DFB0BC00A98DF5 /* LaunchScreen.storyboard in Resources */,
				356831E123E22A0C00DE2CF0 /* icons8-money-50.png in Resources */,
				359CAD2823DFB0BC00A98DF5 /* Assets.xcassets in Resources */,
				359CAD2623DFB0BA00A98DF5 /* Main.storyboard in Resources */,
			);
			runOnlyForDeploymentPostprocessing = 0;
		};
		359CAD2F23DFB0BC00A98DF5 /* Resources */ = {
			isa = PBXResourcesBuildPhase;
			buildActionMask = 2147483647;
			files = (
			);
			runOnlyForDeploymentPostprocessing = 0;
		};
		359CAD3A23DFB0BC00A98DF5 /* Resources */ = {
			isa = PBXResourcesBuildPhase;
			buildActionMask = 2147483647;
			files = (
			);
			runOnlyForDeploymentPostprocessing = 0;
		};
/* End PBXResourcesBuildPhase section */

/* Begin PBXSourcesBuildPhase section */
		359CAD1923DFB0BA00A98DF5 /* Sources */ = {
			isa = PBXSourcesBuildPhase;
			buildActionMask = 2147483647;
			files = (
				359CAD2323DFB0BA00A98DF5 /* ViewController.swift in Sources */,
				359CAD2123DFB0BA00A98DF5 /* AppDelegate.swift in Sources */,
			);
			runOnlyForDeploymentPostprocessing = 0;
		};
		359CAD2D23DFB0BC00A98DF5 /* Sources */ = {
			isa = PBXSourcesBuildPhase;
			buildActionMask = 2147483647;
			files = (
				359CAD3623DFB0BC00A98DF5 /* Tip_CalculatorTests.swift in Sources */,
			);
			runOnlyForDeploymentPostprocessing = 0;
		};
		359CAD3823DFB0BC00A98DF5 /* Sources */ = {
			isa = PBXSourcesBuildPhase;
			buildActionMask = 2147483647;
			files = (
				359CAD4123DFB0BC00A98DF5 /* Tip_CalculatorUITests.swift in Sources */,
			);
			runOnlyForDeploymentPostprocessing = 0;
		};
/* End PBXSourcesBuildPhase section */

/* Begin PBXTargetDependency section */
		359CAD3323DFB0BC00A98DF5 /* PBXTargetDependency */ = {
			isa = PBXTargetDependency;
			target = 359CAD1C23DFB0BA00A98DF5 /* Tip Calculator */;
			targetProxy = 359CAD3223DFB0BC00A98DF5 /* PBXContainerItemProxy */;
		};
		359CAD3E23DFB0BC00A98DF5 /* PBXTargetDependency */ = {
			isa = PBXTargetDependency;
			target = 359CAD1C23DFB0BA00A98DF5 /* Tip Calculator */;
			targetProxy = 359CAD3D23DFB0BC00A98DF5 /* PBXContainerItemProxy */;
		};
/* End PBXTargetDependency section */

/* Begin PBXVariantGroup section */
		359CAD2423DFB0BA00A98DF5 /* Main.storyboard */ = {
			isa = PBXVariantGroup;
			children = (
				359CAD2523DFB0BA00A98DF5 /* Base */,
			);
			name = Main.storyboard;
			sourceTree = "<group>";
		};
		359CAD2923DFB0BC00A98DF5 /* LaunchScreen.storyboard */ = {
			isa = PBXVariantGroup;
			children = (
				359CAD2A23DFB0BC00A98DF5 /* Base */,
			);
			name = LaunchScreen.storyboard;
			sourceTree = "<group>";
		};
/* End PBXVariantGroup section */

/* Begin XCBuildConfiguration section */
		359CAD4323DFB0BC00A98DF5 /* Debug */ = {
			isa = XCBuildConfiguration;
			buildSettings = {
				ALWAYS_SEARCH_USER_PATHS = NO;
				CLANG_ANALYZER_NONNULL = YES;
				CLANG_ANALYZER_NUMBER_OBJECT_CONVERSION = YES_AGGRESSIVE;
				CLANG_CXX_LANGUAGE_STANDARD = "gnu++14";
				CLANG_CXX_LIBRARY = "libc++";
				CLANG_ENABLE_MODULES = YES;
				CLANG_ENABLE_OBJC_ARC = YES;
				CLANG_ENABLE_OBJC_WEAK = YES;
				CLANG_WARN_BLOCK_CAPTURE_AUTORELEASING = YES;
				CLANG_WARN_BOOL_CONVERSION = YES;
				CLANG_WARN_COMMA = YES;
				CLANG_WARN_CONSTANT_CONVERSION = YES;
				CLANG_WARN_DEPRECATED_OBJC_IMPLEMENTATIONS = YES;
				CLANG_WARN_DIRECT_OBJC_ISA_USAGE = YES_ERROR;
				CLANG_WARN_DOCUMENTATION_COMMENTS = YES;
				CLANG_WARN_EMPTY_BODY = YES;
				CLANG_WARN_ENUM_CONVERSION = YES;
				CLANG_WARN_INFINITE_RECURSION = YES;
				CLANG_WARN_INT_CONVERSION = YES;
				CLANG_WARN_NON_LITERAL_NULL_CONVERSION = YES;
				CLANG_WARN_OBJC_IMPLICIT_RETAIN_SELF = YES;
				CLANG_WARN_OBJC_LITERAL_CONVERSION = YES;
				CLANG_WARN_OBJC_ROOT_CLASS = YES_ERROR;
				CLANG_WARN_RANGE_LOOP_ANALYSIS = YES;
				CLANG_WARN_STRICT_PROTOTYPES = YES;
				CLANG_WARN_SUSPICIOUS_MOVE = YES;
				CLANG_WARN_UNGUARDED_AVAILABILITY = YES_AGGRESSIVE;
				CLANG_WARN_UNREACHABLE_CODE = YES;
				CLANG_WARN__DUPLICATE_METHOD_MATCH = YES;
				CODE_SIGN_IDENTITY = "iPhone Developer";
				COPY_PHASE_STRIP = NO;
				DEBUG_INFORMATION_FORMAT = dwarf;
				ENABLE_STRICT_OBJC_MSGSEND = YES;
				ENABLE_TESTABILITY = YES;
				GCC_C_LANGUAGE_STANDARD = gnu11;
				GCC_DYNAMIC_NO_PIC = NO;
				GCC_NO_COMMON_BLOCKS = YES;
				GCC_OPTIMIZATION_LEVEL = 0;
				GCC_PREPROCESSOR_DEFINITIONS = (
					"DEBUG=1",
					"$(inherited)",
				);
				GCC_WARN_64_TO_32_BIT_CONVERSION = YES;
				GCC_WARN_ABOUT_RETURN_TYPE = YES_ERROR;
				GCC_WARN_UNDECLARED_SELECTOR = YES;
				GCC_WARN_UNINITIALIZED_AUTOS = YES_AGGRESSIVE;
				GCC_WARN_UNUSED_FUNCTION = YES;
				GCC_WARN_UNUSED_VARIABLE = YES;
				IPHONEOS_DEPLOYMENT_TARGET = 12.1;
				MTL_ENABLE_DEBUG_INFO = INCLUDE_SOURCE;
				MTL_FAST_MATH = YES;
				ONLY_ACTIVE_ARCH = YES;
				SDKROOT = iphoneos;
				SWIFT_ACTIVE_COMPILATION_CONDITIONS = DEBUG;
				SWIFT_OPTIMIZATION_LEVEL = "-Onone";
			};
			name = Debug;
		};
		359CAD4423DFB0BC00A98DF5 /* Release */ = {
			isa = XCBuildConfiguration;
			buildSettings = {
				ALWAYS_SEARCH_USER_PATHS = NO;
				CLANG_ANALYZER_NONNULL = YES;
				CLANG_ANALYZER_NUMBER_OBJECT_CONVERSION = YES_AGGRESSIVE;
				CLANG_CXX_LANGUAGE_STANDARD = "gnu++14";
				CLANG_CXX_LIBRARY = "libc++";
				CLANG_ENABLE_MODULES = YES;
				CLANG_ENABLE_OBJC_ARC = YES;
				CLANG_ENABLE_OBJC_WEAK = YES;
				CLANG_WARN_BLOCK_CAPTURE_AUTORELEASING = YES;
				CLANG_WARN_BOOL_CONVERSION = YES;
				CLANG_WARN_COMMA = YES;
				CLANG_WARN_CONSTANT_CONVERSION = YES;
				CLANG_WARN_DEPRECATED_OBJC_IMPLEMENTATIONS = YES;
				CLANG_WARN_DIRECT_OBJC_ISA_USAGE = YES_ERROR;
				CLANG_WARN_DOCUMENTATION_COMMENTS = YES;
				CLANG_WARN_EMPTY_BODY = YES;
				CLANG_WARN_ENUM_CONVERSION = YES;
				CLANG_WARN_INFINITE_RECURSION = YES;
				CLANG_WARN_INT_CONVERSION = YES;
				CLANG_WARN_NON_LITERAL_NULL_CONVERSION = YES;
				CLANG_WARN_OBJC_IMPLICIT_RETAIN_SELF = YES;
				CLANG_WARN_OBJC_LITERAL_CONVERSION = YES;
				CLANG_WARN_OBJC_ROOT_CLASS = YES_ERROR;
				CLANG_WARN_RANGE_LOOP_ANALYSIS = YES;
				CLANG_WARN_STRICT_PROTOTYPES = YES;
				CLANG_WARN_SUSPICIOUS_MOVE = YES;
				CLANG_WARN_UNGUARDED_AVAILABILITY = YES_AGGRESSIVE;
				CLANG_WARN_UNREACHABLE_CODE = YES;
				CLANG_WARN__DUPLICATE_METHOD_MATCH = YES;
				CODE_SIGN_IDENTITY = "iPhone Developer";
				COPY_PHASE_STRIP = NO;
				DEBUG_INFORMATION_FORMAT = "dwarf-with-dsym";
				ENABLE_NS_ASSERTIONS = NO;
				ENABLE_STRICT_OBJC_MSGSEND = YES;
				GCC_C_LANGUAGE_STANDARD = gnu11;
				GCC_NO_COMMON_BLOCKS = YES;
				GCC_WARN_64_TO_32_BIT_CONVERSION = YES;
				GCC_WARN_ABOUT_RETURN_TYPE = YES_ERROR;
				GCC_WARN_UNDECLARED_SELECTOR = YES;
				GCC_WARN_UNINITIALIZED_AUTOS = YES_AGGRESSIVE;
				GCC_WARN_UNUSED_FUNCTION = YES;
				GCC_WARN_UNUSED_VARIABLE = YES;
				IPHONEOS_DEPLOYMENT_TARGET = 12.1;
				MTL_ENABLE_DEBUG_INFO = NO;
				MTL_FAST_MATH = YES;
				SDKROOT = iphoneos;
				SWIFT_COMPILATION_MODE = wholemodule;
				SWIFT_OPTIMIZATION_LEVEL = "-O";
				VALIDATE_PRODUCT = YES;
			};
			name = Release;
		};
		359CAD4623DFB0BC00A98DF5 /* Debug */ = {
			isa = XCBuildConfiguration;
			buildSettings = {
				ASSETCATALOG_COMPILER_APPICON_NAME = AppIcon;
				CODE_SIGN_STYLE = Automatic;
				INFOPLIST_FILE = "Tip Calculator/Info.plist";
				LD_RUNPATH_SEARCH_PATHS = (
					"$(inherited)",
					"@executable_path/Frameworks",
				);
				PRODUCT_BUNDLE_IDENTIFIER = "com.codepath.Tip-Calculator";
				PRODUCT_NAME = "$(TARGET_NAME)";
				SWIFT_VERSION = 4.2;
				TARGETED_DEVICE_FAMILY = "1,2";
			};
			name = Debug;
		};
		359CAD4723DFB0BC00A98DF5 /* Release */ = {
			isa = XCBuildConfiguration;
			buildSettings = {
				ASSETCATALOG_COMPILER_APPICON_NAME = AppIcon;
				CODE_SIGN_STYLE = Automatic;
				INFOPLIST_FILE = "Tip Calculator/Info.plist";
				LD_RUNPATH_SEARCH_PATHS = (
					"$(inherited)",
					"@executable_path/Frameworks",
				);
				PRODUCT_BUNDLE_IDENTIFIER = "com.codepath.Tip-Calculator";
				PRODUCT_NAME = "$(TARGET_NAME)";
				SWIFT_VERSION = 4.2;
				TARGETED_DEVICE_FAMILY = "1,2";
			};
			name = Release;
		};
		359CAD4923DFB0BC00A98DF5 /* Debug */ = {
			isa = XCBuildConfiguration;
			buildSettings = {
				ALWAYS_EMBED_SWIFT_STANDARD_LIBRARIES = YES;
				BUNDLE_LOADER = "$(TEST_HOST)";
				CODE_SIGN_STYLE = Automatic;
				INFOPLIST_FILE = "Tip CalculatorTests/Info.plist";
				LD_RUNPATH_SEARCH_PATHS = (
					"$(inherited)",
					"@executable_path/Frameworks",
					"@loader_path/Frameworks",
				);
				PRODUCT_BUNDLE_IDENTIFIER = "com.codepath.Tip-CalculatorTests";
				PRODUCT_NAME = "$(TARGET_NAME)";
				SWIFT_VERSION = 4.2;
				TARGETED_DEVICE_FAMILY = "1,2";
				TEST_HOST = "$(BUILT_PRODUCTS_DIR)/Tip Calculator.app/Tip Calculator";
			};
			name = Debug;
		};
		359CAD4A23DFB0BC00A98DF5 /* Release */ = {
			isa = XCBuildConfiguration;
			buildSettings = {
				ALWAYS_EMBED_SWIFT_STANDARD_LIBRARIES = YES;
				BUNDLE_LOADER = "$(TEST_HOST)";
				CODE_SIGN_STYLE = Automatic;
				INFOPLIST_FILE = "Tip CalculatorTests/Info.plist";
				LD_RUNPATH_SEARCH_PATHS = (
					"$(inherited)",
					"@executable_path/Frameworks",
					"@loader_path/Frameworks",
				);
				PRODUCT_BUNDLE_IDENTIFIER = "com.codepath.Tip-CalculatorTests";
				PRODUCT_NAME = "$(TARGET_NAME)";
				SWIFT_VERSION = 4.2;
				TARGETED_DEVICE_FAMILY = "1,2";
				TEST_HOST = "$(BUILT_PRODUCTS_DIR)/Tip Calculator.app/Tip Calculator";
			};
			name = Release;
		};
		359CAD4C23DFB0BC00A98DF5 /* Debug */ = {
			isa = XCBuildConfiguration;
			buildSettings = {
				ALWAYS_EMBED_SWIFT_STANDARD_LIBRARIES = YES;
				CODE_SIGN_STYLE = Automatic;
				INFOPLIST_FILE = "Tip CalculatorUITests/Info.plist";
				LD_RUNPATH_SEARCH_PATHS = (
					"$(inherited)",
					"@executable_path/Frameworks",
					"@loader_path/Frameworks",
				);
				PRODUCT_BUNDLE_IDENTIFIER = "com.codepath.Tip-CalculatorUITests";
				PRODUCT_NAME = "$(TARGET_NAME)";
				SWIFT_VERSION = 4.2;
				TARGETED_DEVICE_FAMILY = "1,2";
				TEST_TARGET_NAME = "Tip Calculator";
			};
			name = Debug;
		};
		359CAD4D23DFB0BC00A98DF5 /* Release */ = {
			isa = XCBuildConfiguration;
			buildSettings = {
				ALWAYS_EMBED_SWIFT_STANDARD_LIBRARIES = YES;
				CODE_SIGN_STYLE = Automatic;
				INFOPLIST_FILE = "Tip CalculatorUITests/Info.plist";
				LD_RUNPATH_SEARCH_PATHS = (
					"$(inherited)",
					"@executable_path/Frameworks",
					"@loader_path/Frameworks",
				);
				PRODUCT_BUNDLE_IDENTIFIER = "com.codepath.Tip-CalculatorUITests";
				PRODUCT_NAME = "$(TARGET_NAME)";
				SWIFT_VERSION = 4.2;
				TARGETED_DEVICE_FAMILY = "1,2";
				TEST_TARGET_NAME = "Tip Calculator";
			};
			name = Release;
		};
/* End XCBuildConfiguration section */

/* Begin XCConfigurationList section */
		359CAD1823DFB0BA00A98DF5 /* Build configuration list for PBXProject "Tip Calculator" */ = {
			isa = XCConfigurationList;
			buildConfigurations = (
				359CAD4323DFB0BC00A98DF5 /* Debug */,
				359CAD4423DFB0BC00A98DF5 /* Release */,
			);
			defaultConfigurationIsVisible = 0;
			defaultConfigurationName = Release;
		};
		359CAD4523DFB0BC00A98DF5 /* Build configuration list for PBXNativeTarget "Tip Calculator" */ = {
			isa = XCConfigurationList;
			buildConfigurations = (
				359CAD4623DFB0BC00A98DF5 /* Debug */,
				359CAD4723DFB0BC00A98DF5 /* Release */,
			);
			defaultConfigurationIsVisible = 0;
			defaultConfigurationName = Release;
		};
		359CAD4823DFB0BC00A98DF5 /* Build configuration list for PBXNativeTarget "Tip CalculatorTests" */ = {
			isa = XCConfigurationList;
			buildConfigurations = (
				359CAD4923DFB0BC00A98DF5 /* Debug */,
				359CAD4A23DFB0BC00A98DF5 /* Release */,
			);
			defaultConfigurationIsVisible = 0;
			defaultConfigurationName = Release;
		};
		359CAD4B23DFB0BC00A98DF5 /* Build configuration list for PBXNativeTarget "Tip CalculatorUITests" */ = {
			isa = XCConfigurationList;
			buildConfigurations = (
				359CAD4C23DFB0BC00A98DF5 /* Debug */,
				359CAD4D23DFB0BC00A98DF5 /* Release */,
			);
			defaultConfigurationIsVisible = 0;
			defaultConfigurationName = Release;
		};
/* End XCConfigurationList section */
	};
	rootObject = 359CAD1523DFB0BA00A98DF5 /* Project object */;
}
